
Microsoft Visual Studio Solution File, Format Version 12.00
# Visual Studio 2013
VisualStudioVersion = 12.0.21005.1
MinimumVisualStudioVersion = 10.0.40219.1
Project("{2150E333-8FDC-42A3-9474-1A3956D46DE8}") = "1-Layers", "1-Layers", "{8B9C9772-59E8-4534-947D-09E463B9C4D4}"
EndProject
Project("{2150E333-8FDC-42A3-9474-1A3956D46DE8}") = "1.2-WindowsServices", "1.2-WindowsServices", "{20C6A877-7108-449E-A0E0-60FA4BC19812}"
EndProject
Project("{2150E333-8FDC-42A3-9474-1A3956D46DE8}") = "1.3-DistributedServices", "1.3-DistributedServices", "{87ECAEAF-F8D7-4AE0-81DD-A4B98402221F}"
EndProject
Project("{2150E333-8FDC-42A3-9474-1A3956D46DE8}") = "1.4-Application", "1.4-Application", "{1E695197-57BE-491C-A7D4-CE781A52FC75}"
EndProject
Project("{2150E333-8FDC-42A3-9474-1A3956D46DE8}") = "1.3.1-Seedwork", "1.3.1-Seedwork", "{90B60374-ABB1-4A3E-B383-D19065A7139C}"
EndProject
Project("{2150E333-8FDC-42A3-9474-1A3956D46DE8}") = "1.3.2-MainContext", "1.3.2-MainContext", "{1871D8D6-D64D-4863-9B32-A9748320F161}"
EndProject
Project("{2150E333-8FDC-42A3-9474-1A3956D46DE8}") = "1.3.3-ServiceProxies", "1.3.3-ServiceProxies", "{4808F3C0-E2B4-42C6-80F4-08A89AC45080}"
EndProject
Project("{FAE04EC0-301F-11D3-BF4B-00C04F79EFBC}") = "DS.DistributedServices.RouteServices", "DS.DistributedServices.RouteServices\DS.DistributedServices.RouteServices.csproj", "{98069166-22F2-4B92-841E-D3099BAE5182}"
EndProject
Project("{FAE04EC0-301F-11D3-BF4B-00C04F79EFBC}") = "DS.DistributedServices.ServiceProxies", "DS.DistributedServices.ServiceProxies\DS.DistributedServices.ServiceProxies.csproj", "{528E2846-C58A-46E1-A64C-C50874573DCA}"
EndProject
Project("{FAE04EC0-301F-11D3-BF4B-00C04F79EFBC}") = "DS.Application.MainContext.RouteServices", "DS.Application.MainContext.RouteServices\DS.Application.MainContext.RouteServices.csproj", "{F2CE5C86-CACC-4F93-B6A0-E499EC86EC2E}"
EndProject
Project("{FAE04EC0-301F-11D3-BF4B-00C04F79EFBC}") = "DS.DistributedServices.Seekwork", "DS.DistributedServices.Seekwork\DS.DistributedServices.Seekwork.csproj", "{D396D8D3-38E8-41BF-BD0B-0AE1019CD6AD}"
EndProject
Project("{2150E333-8FDC-42A3-9474-1A3956D46DE8}") = "1.5-Domain", "1.5-Domain", "{B879F9D7-C9F5-4C5B-8C2C-517340C70A42}"
EndProject
Project("{2150E333-8FDC-42A3-9474-1A3956D46DE8}") = "1.5.1-Seedwork", "1.5.1-Seedwork", "{185A8516-71CE-4380-9066-397671BEE9D8}"
EndProject
Project("{2150E333-8FDC-42A3-9474-1A3956D46DE8}") = "1.5.2-MainContext", "1.5.2-MainContext", "{3679A606-6FD9-4386-97C1-25C7630C6A24}"
EndProject
Project("{2150E333-8FDC-42A3-9474-1A3956D46DE8}") = "1.2.1-Seedwork", "1.2.1-Seedwork", "{22F8CA6A-47C2-4280-B1C3-3DAAD26EAFAC}"
EndProject
Project("{FAE04EC0-301F-11D3-BF4B-00C04F79EFBC}") = "DS.WindowsServices.Seedwork", "DS.WindowsServices.Seedwork\DS.WindowsServices.Seedwork.csproj", "{9D62950B-8EE9-44BD-BB6E-090C02D8B925}"
EndProject
Project("{2150E333-8FDC-42A3-9474-1A3956D46DE8}") = "1.6-Infrastructure", "1.6-Infrastructure", "{148D7B13-9E10-4AB0-8D6C-5F7A7A0BD896}"
EndProject
Project("{FAE04EC0-301F-11D3-BF4B-00C04F79EFBC}") = "DS.Infrastructure.Crosscutting", "DS.Infrastructure.Crosscutting\DS.Infrastructure.Crosscutting.csproj", "{64F0481F-8BA1-4E43-9E3C-F50F3D6DECD2}"
EndProject
Project("{2150E333-8FDC-42A3-9474-1A3956D46DE8}") = "0-Test Application", "0-Test Application", "{3E4F83F5-E095-4F1C-8F7F-6922F321340A}"
EndProject
Project("{FAE04EC0-301F-11D3-BF4B-00C04F79EFBC}") = "DS.TestForm", "DS.TestForm\DS.TestForm.csproj", "{04B7AF34-BBAA-46F8-89FC-FE98F951E1ED}"
EndProject
Project("{FAE04EC0-301F-11D3-BF4B-00C04F79EFBC}") = "DS.Domain.MainContext", "DS.Domain.MainContext\DS.Domain.MainContext.csproj", "{7612CA7B-D494-446A-A1A7-A4852737FE96}"
EndProject
Project("{FAE04EC0-301F-11D3-BF4B-00C04F79EFBC}") = "DS.WindowsServices.RouteServices", "DS.WindowsServices.RouteServices\DS.WindowsServices.RouteServices.csproj", "{EC5809C8-58C7-4714-9237-09FE0C363CAD}"
EndProject
Global
	GlobalSection(SolutionConfigurationPlatforms) = preSolution
		Debug|Any CPU = Debug|Any CPU
		Release|Any CPU = Release|Any CPU
	EndGlobalSection
	GlobalSection(ProjectConfigurationPlatforms) = postSolution
		{98069166-22F2-4B92-841E-D3099BAE5182}.Debug|Any CPU.ActiveCfg = Debug|Any CPU
		{98069166-22F2-4B92-841E-D3099BAE5182}.Debug|Any CPU.Build.0 = Debug|Any CPU
		{98069166-22F2-4B92-841E-D3099BAE5182}.Release|Any CPU.ActiveCfg = Release|Any CPU
		{98069166-22F2-4B92-841E-D3099BAE5182}.Release|Any CPU.Build.0 = Release|Any CPU
		{528E2846-C58A-46E1-A64C-C50874573DCA}.Debug|Any CPU.ActiveCfg = Debug|Any CPU
		{528E2846-C58A-46E1-A64C-C50874573DCA}.Debug|Any CPU.Build.0 = Debug|Any CPU
		{528E2846-C58A-46E1-A64C-C50874573DCA}.Release|Any CPU.ActiveCfg = Release|Any CPU
		{528E2846-C58A-46E1-A64C-C50874573DCA}.Release|Any CPU.Build.0 = Release|Any CPU
		{F2CE5C86-CACC-4F93-B6A0-E499EC86EC2E}.Debug|Any CPU.ActiveCfg = Debug|Any CPU
		{F2CE5C86-CACC-4F93-B6A0-E499EC86EC2E}.Debug|Any CPU.Build.0 = Debug|Any CPU
		{F2CE5C86-CACC-4F93-B6A0-E499EC86EC2E}.Release|Any CPU.ActiveCfg = Release|Any CPU
		{F2CE5C86-CACC-4F93-B6A0-E499EC86EC2E}.Release|Any CPU.Build.0 = Release|Any CPU
		{D396D8D3-38E8-41BF-BD0B-0AE1019CD6AD}.Debug|Any CPU.ActiveCfg = Debug|Any CPU
		{D396D8D3-38E8-41BF-BD0B-0AE1019CD6AD}.Debug|Any CPU.Build.0 = Debug|Any CPU
		{D396D8D3-38E8-41BF-BD0B-0AE1019CD6AD}.Release|Any CPU.ActiveCfg = Release|Any CPU
		{D396D8D3-38E8-41BF-BD0B-0AE1019CD6AD}.Release|Any CPU.Build.0 = Release|Any CPU
		{9D62950B-8EE9-44BD-BB6E-090C02D8B925}.Debug|Any CPU.ActiveCfg = Debug|Any CPU
		{9D62950B-8EE9-44BD-BB6E-090C02D8B925}.Debug|Any CPU.Build.0 = Debug|Any CPU
		{9D62950B-8EE9-44BD-BB6E-090C02D8B925}.Release|Any CPU.ActiveCfg = Release|Any CPU
		{9D62950B-8EE9-44BD-BB6E-090C02D8B925}.Release|Any CPU.Build.0 = Release|Any CPU
		{64F0481F-8BA1-4E43-9E3C-F50F3D6DECD2}.Debug|Any CPU.ActiveCfg = Debug|Any CPU
		{64F0481F-8BA1-4E43-9E3C-F50F3D6DECD2}.Debug|Any CPU.Build.0 = Debug|Any CPU
		{64F0481F-8BA1-4E43-9E3C-F50F3D6DECD2}.Release|Any CPU.ActiveCfg = Release|Any CPU
		{64F0481F-8BA1-4E43-9E3C-F50F3D6DECD2}.Release|Any CPU.Build.0 = Release|Any CPU
		{04B7AF34-BBAA-46F8-89FC-FE98F951E1ED}.Debug|Any CPU.ActiveCfg = Debug|Any CPU
		{04B7AF34-BBAA-46F8-89FC-FE98F951E1ED}.Debug|Any CPU.Build.0 = Debug|Any CPU
		{04B7AF34-BBAA-46F8-89FC-FE98F951E1ED}.Release|Any CPU.ActiveCfg = Release|Any CPU
		{04B7AF34-BBAA-46F8-89FC-FE98F951E1ED}.Release|Any CPU.Build.0 = Release|Any CPU
		{7612CA7B-D494-446A-A1A7-A4852737FE96}.Debug|Any CPU.ActiveCfg = Debug|Any CPU
		{7612CA7B-D494-446A-A1A7-A4852737FE96}.Debug|Any CPU.Build.0 = Debug|Any CPU
		{7612CA7B-D494-446A-A1A7-A4852737FE96}.Release|Any CPU.ActiveCfg = Release|Any CPU
		{7612CA7B-D494-446A-A1A7-A4852737FE96}.Release|Any CPU.Build.0 = Release|Any CPU
		{EC5809C8-58C7-4714-9237-09FE0C363CAD}.Debug|Any CPU.ActiveCfg = Debug|Any CPU
		{EC5809C8-58C7-4714-9237-09FE0C363CAD}.Debug|Any CPU.Build.0 = Debug|Any CPU
		{EC5809C8-58C7-4714-9237-09FE0C363CAD}.Release|Any CPU.ActiveCfg = Release|Any CPU
		{EC5809C8-58C7-4714-9237-09FE0C363CAD}.Release|Any CPU.Build.0 = Release|Any CPU
	EndGlobalSection
	GlobalSection(SolutionProperties) = preSolution
		HideSolutionNode = FALSE
	EndGlobalSection
	GlobalSection(NestedProjects) = preSolution
		{20C6A877-7108-449E-A0E0-60FA4BC19812} = {8B9C9772-59E8-4534-947D-09E463B9C4D4}
		{87ECAEAF-F8D7-4AE0-81DD-A4B98402221F} = {8B9C9772-59E8-4534-947D-09E463B9C4D4}
		{1E695197-57BE-491C-A7D4-CE781A52FC75} = {8B9C9772-59E8-4534-947D-09E463B9C4D4}
		{B879F9D7-C9F5-4C5B-8C2C-517340C70A42} = {8B9C9772-59E8-4534-947D-09E463B9C4D4}
		{148D7B13-9E10-4AB0-8D6C-5F7A7A0BD896} = {8B9C9772-59E8-4534-947D-09E463B9C4D4}
		{22F8CA6A-47C2-4280-B1C3-3DAAD26EAFAC} = {20C6A877-7108-449E-A0E0-60FA4BC19812}
		{EC5809C8-58C7-4714-9237-09FE0C363CAD} = {20C6A877-7108-449E-A0E0-60FA4BC19812}
		{90B60374-ABB1-4A3E-B383-D19065A7139C} = {87ECAEAF-F8D7-4AE0-81DD-A4B98402221F}
		{1871D8D6-D64D-4863-9B32-A9748320F161} = {87ECAEAF-F8D7-4AE0-81DD-A4B98402221F}
		{4808F3C0-E2B4-42C6-80F4-08A89AC45080} = {87ECAEAF-F8D7-4AE0-81DD-A4B98402221F}
		{F2CE5C86-CACC-4F93-B6A0-E499EC86EC2E} = {1E695197-57BE-491C-A7D4-CE781A52FC75}
		{D396D8D3-38E8-41BF-BD0B-0AE1019CD6AD} = {90B60374-ABB1-4A3E-B383-D19065A7139C}
		{98069166-22F2-4B92-841E-D3099BAE5182} = {1871D8D6-D64D-4863-9B32-A9748320F161}
		{528E2846-C58A-46E1-A64C-C50874573DCA} = {4808F3C0-E2B4-42C6-80F4-08A89AC45080}
		{185A8516-71CE-4380-9066-397671BEE9D8} = {B879F9D7-C9F5-4C5B-8C2C-517340C70A42}
		{3679A606-6FD9-4386-97C1-25C7630C6A24} = {B879F9D7-C9F5-4C5B-8C2C-517340C70A42}
		{7612CA7B-D494-446A-A1A7-A4852737FE96} = {3679A606-6FD9-4386-97C1-25C7630C6A24}
		{9D62950B-8EE9-44BD-BB6E-090C02D8B925} = {22F8CA6A-47C2-4280-B1C3-3DAAD26EAFAC}
		{64F0481F-8BA1-4E43-9E3C-F50F3D6DECD2} = {148D7B13-9E10-4AB0-8D6C-5F7A7A0BD896}
		{04B7AF34-BBAA-46F8-89FC-FE98F951E1ED} = {3E4F83F5-E095-4F1C-8F7F-6922F321340A}
	EndGlobalSection
EndGlobal
